
Microsoft Visual Studio Solution File, Format Version 12.00
# Visual Studio 15
VisualStudioVersion = 15.0.27703.2026
MinimumVisualStudioVersion = 10.0.40219.1
Project("{9A19103F-16F7-4668-BE54-9A1E7A4F7556}") = "TE.NetCore", "TE.NetCore\TE.NetCore.csproj", "{14D72A13-0BF7-483D-B64F-48B661B7F320}"
EndProject
Project("{9A19103F-16F7-4668-BE54-9A1E7A4F7556}") = "TE.ViewModels", "TE.ViewModels\TE.ViewModels.csproj", "{4A307541-F0B4-47F9-A791-14CC62397317}"
EndProject
Project("{9A19103F-16F7-4668-BE54-9A1E7A4F7556}") = "TE.Services", "TE.Services\TE.Services.csproj", "{254FDC24-D8F6-4255-BA31-F1AD5A96B805}"
EndProject
Project("{FAE04EC0-301F-11D3-BF4B-00C04F79EFBC}") = "ConsoleApp1", "ConsoleApp1\ConsoleApp1.csproj", "{F3BBCB24-0F4A-4236-93AE-945CD6A0ABBD}"
EndProject
Project("{9A19103F-16F7-4668-BE54-9A1E7A4F7556}") = "WebSeact", "WebSeact\WebSeact.csproj", "{40C5EBD4-9D62-4C59-86F2-F9D9DD064562}"
EndProject
Project("{FAE04EC0-301F-11D3-BF4B-00C04F79EFBC}") = "TE.AspDotNetMvc", "TE.AspDotNetMvc\TE.AspDotNetMvc.csproj", "{A0DDEA35-6ED1-49E6-B0BE-3B7B2591297C}"
EndProject
Global
	GlobalSection(SolutionConfigurationPlatforms) = preSolution
		Debug|Any CPU = Debug|Any CPU
		Release|Any CPU = Release|Any CPU
	EndGlobalSection
	GlobalSection(ProjectConfigurationPlatforms) = postSolution
		{14D72A13-0BF7-483D-B64F-48B661B7F320}.Debug|Any CPU.ActiveCfg = Debug|Any CPU
		{14D72A13-0BF7-483D-B64F-48B661B7F320}.Debug|Any CPU.Build.0 = Debug|Any CPU
		{14D72A13-0BF7-483D-B64F-48B661B7F320}.Release|Any CPU.ActiveCfg = Release|Any CPU
		{14D72A13-0BF7-483D-B64F-48B661B7F320}.Release|Any CPU.Build.0 = Release|Any CPU
		{4A307541-F0B4-47F9-A791-14CC62397317}.Debug|Any CPU.ActiveCfg = Debug|Any CPU
		{4A307541-F0B4-47F9-A791-14CC62397317}.Debug|Any CPU.Build.0 = Debug|Any CPU
		{4A307541-F0B4-47F9-A791-14CC62397317}.Release|Any CPU.ActiveCfg = Release|Any CPU
		{4A307541-F0B4-47F9-A791-14CC62397317}.Release|Any CPU.Build.0 = Release|Any CPU
		{254FDC24-D8F6-4255-BA31-F1AD5A96B805}.Debug|Any CPU.ActiveCfg = Debug|Any CPU
		{254FDC24-D8F6-4255-BA31-F1AD5A96B805}.Debug|Any CPU.Build.0 = Debug|Any CPU
		{254FDC24-D8F6-4255-BA31-F1AD5A96B805}.Release|Any CPU.ActiveCfg = Release|Any CPU
		{254FDC24-D8F6-4255-BA31-F1AD5A96B805}.Release|Any CPU.Build.0 = Release|Any CPU
		{F3BBCB24-0F4A-4236-93AE-945CD6A0ABBD}.Debug|Any CPU.ActiveCfg = Debug|Any CPU
		{F3BBCB24-0F4A-4236-93AE-945CD6A0ABBD}.Debug|Any CPU.Build.0 = Debug|Any CPU
		{F3BBCB24-0F4A-4236-93AE-945CD6A0ABBD}.Release|Any CPU.ActiveCfg = Release|Any CPU
		{F3BBCB24-0F4A-4236-93AE-945CD6A0ABBD}.Release|Any CPU.Build.0 = Release|Any CPU
		{40C5EBD4-9D62-4C59-86F2-F9D9DD064562}.Debug|Any CPU.ActiveCfg = Debug|Any CPU
		{40C5EBD4-9D62-4C59-86F2-F9D9DD064562}.Debug|Any CPU.Build.0 = Debug|Any CPU
		{40C5EBD4-9D62-4C59-86F2-F9D9DD064562}.Release|Any CPU.ActiveCfg = Release|Any CPU
		{40C5EBD4-9D62-4C59-86F2-F9D9DD064562}.Release|Any CPU.Build.0 = Release|Any CPU
		{A0DDEA35-6ED1-49E6-B0BE-3B7B2591297C}.Debug|Any CPU.ActiveCfg = Debug|Any CPU
		{A0DDEA35-6ED1-49E6-B0BE-3B7B2591297C}.Debug|Any CPU.Build.0 = Debug|Any CPU
		{A0DDEA35-6ED1-49E6-B0BE-3B7B2591297C}.Release|Any CPU.ActiveCfg = Release|Any CPU
		{A0DDEA35-6ED1-49E6-B0BE-3B7B2591297C}.Release|Any CPU.Build.0 = Release|Any CPU
	EndGlobalSection
	GlobalSection(SolutionProperties) = preSolution
		HideSolutionNode = FALSE
	EndGlobalSection
	GlobalSection(ExtensibilityGlobals) = postSolution
		SolutionGuid = {2785CD43-8512-418B-BA89-FA86352EFA34}
	EndGlobalSection
EndGlobal
